
Microsoft Visual Studio Solution File, Format Version 12.00
# Visual Studio Version 16
VisualStudioVersion = 16.0.31205.134
MinimumVisualStudioVersion = 10.0.40219.1
Project("{FAE04EC0-301F-11D3-BF4B-00C04F79EFBC}") = "UserManagementDB", "UserManagementDB\UserManagementDB.csproj", "{0B8292AA-D555-4DEB-BA37-C12B5102EF0C}"
EndProject
Global
	GlobalSection(SolutionConfigurationPlatforms) = preSolution
		Debug|Any CPU = Debug|Any CPU
		Release|Any CPU = Release|Any CPU
	EndGlobalSection
	GlobalSection(ProjectConfigurationPlatforms) = postSolution
		{0B8292AA-D555-4DEB-BA37-C12B5102EF0C}.Debug|Any CPU.ActiveCfg = Debug|Any CPU
		{0B8292AA-D555-4DEB-BA37-C12B5102EF0C}.Debug|Any CPU.Build.0 = Debug|Any CPU
		{0B8292AA-D555-4DEB-BA37-C12B5102EF0C}.Release|Any CPU.ActiveCfg = Release|Any CPU
		{0B8292AA-D555-4DEB-BA37-C12B5102EF0C}.Release|Any CPU.Build.0 = Release|Any CPU
	EndGlobalSection
	GlobalSection(SolutionProperties) = preSolution
		HideSolutionNode = FALSE
	EndGlobalSection
	GlobalSection(ExtensibilityGlobals) = postSolution
		SolutionGuid = {80A7BE18-2582-4A95-8C3E-801746958FA6}
	EndGlobalSection
EndGlobal
